
Microsoft Visual Studio Solution File, Format Version 12.00
# Visual Studio Version 16
VisualStudioVersion = 16.0.30611.23
MinimumVisualStudioVersion = 10.0.40219.1
Project("{FAE04EC0-301F-11D3-BF4B-00C04F79EFBC}") = "FraudeconCode", "FraudeconCode.csproj", "{A14ACE07-D680-43E7-8551-B0D15E720F65}"
EndProject
Global
	GlobalSection(SolutionConfigurationPlatforms) = preSolution
		Debug|Any CPU = Debug|Any CPU
		Release|Any CPU = Release|Any CPU
	EndGlobalSection
	GlobalSection(ProjectConfigurationPlatforms) = postSolution
		{A14ACE07-D680-43E7-8551-B0D15E720F65}.Debug|Any CPU.ActiveCfg = Debug|Any CPU
		{A14ACE07-D680-43E7-8551-B0D15E720F65}.Debug|Any CPU.Build.0 = Debug|Any CPU
		{A14ACE07-D680-43E7-8551-B0D15E720F65}.Release|Any CPU.ActiveCfg = Release|Any CPU
		{A14ACE07-D680-43E7-8551-B0D15E720F65}.Release|Any CPU.Build.0 = Release|Any CPU
	EndGlobalSection
	GlobalSection(SolutionProperties) = preSolution
		HideSolutionNode = FALSE
	EndGlobalSection
	GlobalSection(ExtensibilityGlobals) = postSolution
		SolutionGuid = {946E4C0B-1524-446B-AD98-12A2A6998B24}
	EndGlobalSection
EndGlobal
